
Microsoft Visual Studio Solution File, Format Version 12.00
# Visual Studio Version 17
VisualStudioVersion = 17.7.34202.233
MinimumVisualStudioVersion = 10.0.40219.1
Project("{FAE04EC0-301F-11D3-BF4B-00C04F79EFBC}") = "MiniProject", "MiniProject\MiniProject.csproj", "{4159CB5D-9F08-4F55-943C-C6BA80A4826E}"
EndProject
Global
	GlobalSection(SolutionConfigurationPlatforms) = preSolution
		Debug|Any CPU = Debug|Any CPU
		Release|Any CPU = Release|Any CPU
	EndGlobalSection
	GlobalSection(ProjectConfigurationPlatforms) = postSolution
		{4159CB5D-9F08-4F55-943C-C6BA80A4826E}.Debug|Any CPU.ActiveCfg = Debug|Any CPU
		{4159CB5D-9F08-4F55-943C-C6BA80A4826E}.Debug|Any CPU.Build.0 = Debug|Any CPU
		{4159CB5D-9F08-4F55-943C-C6BA80A4826E}.Release|Any CPU.ActiveCfg = Release|Any CPU
		{4159CB5D-9F08-4F55-943C-C6BA80A4826E}.Release|Any CPU.Build.0 = Release|Any CPU
	EndGlobalSection
	GlobalSection(SolutionProperties) = preSolution
		HideSolutionNode = FALSE
	EndGlobalSection
	GlobalSection(ExtensibilityGlobals) = postSolution
		SolutionGuid = {B36E2476-EBF9-4E2C-A565-1036AD279A19}
	EndGlobalSection
EndGlobal
